
Microsoft Visual Studio Solution File, Format Version 11.00
# Visual Studio 2010
Project("{8BC9CEB8-8B4A-11D0-8D11-00A0C91BC942}") = "04.6 TRY THIS (vector)", "04.6 TRY THIS (vector)\04.6 TRY THIS (vector).vcxproj", "{9075423E-B45C-4D41-8C9F-F5EAC95DEE4F}"
EndProject
Project("{2150E333-8FDC-42A3-9474-1A3956D46DE8}") = "CHAPTER 4 COMPUTATION", "CHAPTER 4 COMPUTATION", "{6409AAEF-2C77-491B-B2AC-D44B0383D1BF}"
EndProject
Project("{2150E333-8FDC-42A3-9474-1A3956D46DE8}") = "DRILL", "DRILL", "{4C684134-2CCA-474A-89BA-AA809EDF062D}"
EndProject
Project("{8BC9CEB8-8B4A-11D0-8D11-00A0C91BC942}") = "Step 1-3", "Step 1-3\Step 1-3.vcxproj", "{BE9B9EAB-D44F-47D7-A317-70A66151C39D}"
EndProject
Project("{8BC9CEB8-8B4A-11D0-8D11-00A0C91BC942}") = "Step 4-5", "Step 4-5\Step 4-5.vcxproj", "{6B2198AD-9A5D-48D1-8C2D-4BAAC06B6AEA}"
EndProject
Project("{8BC9CEB8-8B4A-11D0-8D11-00A0C91BC942}") = "Step 6-10", "Step 6-10\Step 6-10.vcxproj", "{0CEB9E44-CE8A-4D7C-8315-5B7FE71396CA}"
EndProject
Project("{2150E333-8FDC-42A3-9474-1A3956D46DE8}") = "Exercises", "Exercises", "{492C313B-045A-4353-BD9C-86E86C2D51D4}"
EndProject
Project("{8BC9CEB8-8B4A-11D0-8D11-00A0C91BC942}") = "Task 2", "Task 2\Task 2.vcxproj", "{66D69AE3-0C8D-4C02-B29A-42B1FC611AB8}"
EndProject
Project("{8BC9CEB8-8B4A-11D0-8D11-00A0C91BC942}") = "Task 4", "Task 4\Task 4.vcxproj", "{4E765BE6-18A3-4318-B1C7-C1C0E1155273}"
EndProject
Project("{8BC9CEB8-8B4A-11D0-8D11-00A0C91BC942}") = "Task 5", "Task 5\Task 5.vcxproj", "{5EB82E5E-E756-417A-A3A3-4D54FCF9A276}"
EndProject
Project("{8BC9CEB8-8B4A-11D0-8D11-00A0C91BC942}") = "Task 9", "Task 9\Task 9.vcxproj", "{4CC66460-7C6E-48D1-8F32-165C4B0D1723}"
EndProject
Project("{8BC9CEB8-8B4A-11D0-8D11-00A0C91BC942}") = "Task 10", "Task 10\Task 10.vcxproj", "{B9AB03F4-E145-471B-B9D6-F9B4BDF88629}"
EndProject
Project("{8BC9CEB8-8B4A-11D0-8D11-00A0C91BC942}") = "Task 16", "Task 16\Task 16.vcxproj", "{80DE4F1F-26D8-4C06-89A3-FDDD6EF0E600}"
EndProject
Project("{2150E333-8FDC-42A3-9474-1A3956D46DE8}") = "CHAPTER 5 ERRORS", "CHAPTER 5 ERRORS", "{9579A55D-E8DE-483F-AD2A-10B231F4A0E3}"
EndProject
Project("{2150E333-8FDC-42A3-9474-1A3956D46DE8}") = "DRILL", "DRILL", "{C49B9FE9-43BB-438A-8C3E-0B7A30B545B6}"
EndProject
Project("{8BC9CEB8-8B4A-11D0-8D11-00A0C91BC942}") = "ErrorTest", "ErrorTest\ErrorTest.vcxproj", "{57D465D2-2577-4E86-A834-2771691D1269}"
EndProject
Project("{2150E333-8FDC-42A3-9474-1A3956D46DE8}") = "Exercises", "Exercises", "{5EC6E58B-F901-49B5-8A39-332CA810BE41}"
EndProject
Project("{8BC9CEB8-8B4A-11D0-8D11-00A0C91BC942}") = "Task 2 and 3", "Task 2 and 3\Task 2 and 3.vcxproj", "{ED277120-E9D6-4F74-BD7D-182FBBADB887}"
EndProject
Project("{8BC9CEB8-8B4A-11D0-8D11-00A0C91BC942}") = "Task 8", "Task 8\Task 8.vcxproj", "{62F2C975-9F00-4351-A57D-FFA1235DBEEE}"
EndProject
Project("{8BC9CEB8-8B4A-11D0-8D11-00A0C91BC942}") = "Task 11", "Task 11\Task 11.vcxproj", "{6B8A645B-A4E8-4AD4-A82A-93505528810A}"
EndProject
Project("{8BC9CEB8-8B4A-11D0-8D11-00A0C91BC942}") = "Task 12 and 13", "Task 12 and 13\Task 12 and 13.vcxproj", "{89C20A82-5FDD-4134-827B-5968839D6E95}"
EndProject
Project("{2150E333-8FDC-42A3-9474-1A3956D46DE8}") = "CHAPTER 6 WRITING A PROGRAM", "CHAPTER 6 WRITING A PROGRAM", "{33B4FA65-07E4-40A5-99AA-A57BA17A4502}"
EndProject
Project("{8BC9CEB8-8B4A-11D0-8D11-00A0C91BC942}") = "A Simple Calculator", "A Simple Calculator\A Simple Calculator.vcxproj", "{FCD874A0-4073-434B-87CC-ABE9F31193CE}"
EndProject
Project("{2150E333-8FDC-42A3-9474-1A3956D46DE8}") = "DRILL", "DRILL", "{9EADCE8A-5A37-4AA4-9E7E-C308764C23CA}"
EndProject
Project("{8BC9CEB8-8B4A-11D0-8D11-00A0C91BC942}") = "Calc 02 buggy", "Calc 02 buggy\Calc 02 buggy.vcxproj", "{C17FE02F-777A-4067-8850-8F2716979C87}"
EndProject
Project("{2150E333-8FDC-42A3-9474-1A3956D46DE8}") = "CHAPTER 8 TECHNICALITIES - FUNCTIONS", "CHAPTER 8 TECHNICALITIES - FUNCTIONS", "{907866F5-EA17-41F5-98BA-7D78E04FD8B4}"
EndProject
Project("{2150E333-8FDC-42A3-9474-1A3956D46DE8}") = "DRILL", "DRILL", "{636BA09E-3BA2-4D8B-A341-622041F7267F}"
EndProject
Project("{8BC9CEB8-8B4A-11D0-8D11-00A0C91BC942}") = "Step 1", "Step 1\Step 1.vcxproj", "{E60C45CA-4F88-426B-ACC9-8D6F9A069DED}"
EndProject
Project("{8BC9CEB8-8B4A-11D0-8D11-00A0C91BC942}") = "Step 2", "Step 2\Step 2.vcxproj", "{271BC3B0-5B12-4895-8818-B9DB5A836325}"
EndProject
Project("{8BC9CEB8-8B4A-11D0-8D11-00A0C91BC942}") = "Step 3", "Step 3\Step 3.vcxproj", "{0F9ECC81-278A-4C5D-B01D-11E584C20282}"
EndProject
Project("{2150E333-8FDC-42A3-9474-1A3956D46DE8}") = "Exercises", "Exercises", "{522A8AA2-DE13-471E-A8A2-C03A74A50911}"
EndProject
Global
	GlobalSection(SolutionConfigurationPlatforms) = preSolution
		Debug|Win32 = Debug|Win32
		Release|Win32 = Release|Win32
	EndGlobalSection
	GlobalSection(ProjectConfigurationPlatforms) = postSolution
		{9075423E-B45C-4D41-8C9F-F5EAC95DEE4F}.Debug|Win32.ActiveCfg = Debug|Win32
		{9075423E-B45C-4D41-8C9F-F5EAC95DEE4F}.Debug|Win32.Build.0 = Debug|Win32
		{9075423E-B45C-4D41-8C9F-F5EAC95DEE4F}.Release|Win32.ActiveCfg = Release|Win32
		{9075423E-B45C-4D41-8C9F-F5EAC95DEE4F}.Release|Win32.Build.0 = Release|Win32
		{BE9B9EAB-D44F-47D7-A317-70A66151C39D}.Debug|Win32.ActiveCfg = Debug|Win32
		{BE9B9EAB-D44F-47D7-A317-70A66151C39D}.Debug|Win32.Build.0 = Debug|Win32
		{BE9B9EAB-D44F-47D7-A317-70A66151C39D}.Release|Win32.ActiveCfg = Release|Win32
		{BE9B9EAB-D44F-47D7-A317-70A66151C39D}.Release|Win32.Build.0 = Release|Win32
		{6B2198AD-9A5D-48D1-8C2D-4BAAC06B6AEA}.Debug|Win32.ActiveCfg = Debug|Win32
		{6B2198AD-9A5D-48D1-8C2D-4BAAC06B6AEA}.Debug|Win32.Build.0 = Debug|Win32
		{6B2198AD-9A5D-48D1-8C2D-4BAAC06B6AEA}.Release|Win32.ActiveCfg = Release|Win32
		{6B2198AD-9A5D-48D1-8C2D-4BAAC06B6AEA}.Release|Win32.Build.0 = Release|Win32
		{0CEB9E44-CE8A-4D7C-8315-5B7FE71396CA}.Debug|Win32.ActiveCfg = Debug|Win32
		{0CEB9E44-CE8A-4D7C-8315-5B7FE71396CA}.Debug|Win32.Build.0 = Debug|Win32
		{0CEB9E44-CE8A-4D7C-8315-5B7FE71396CA}.Release|Win32.ActiveCfg = Release|Win32
		{0CEB9E44-CE8A-4D7C-8315-5B7FE71396CA}.Release|Win32.Build.0 = Release|Win32
		{66D69AE3-0C8D-4C02-B29A-42B1FC611AB8}.Debug|Win32.ActiveCfg = Debug|Win32
		{66D69AE3-0C8D-4C02-B29A-42B1FC611AB8}.Debug|Win32.Build.0 = Debug|Win32
		{66D69AE3-0C8D-4C02-B29A-42B1FC611AB8}.Release|Win32.ActiveCfg = Release|Win32
		{66D69AE3-0C8D-4C02-B29A-42B1FC611AB8}.Release|Win32.Build.0 = Release|Win32
		{4E765BE6-18A3-4318-B1C7-C1C0E1155273}.Debug|Win32.ActiveCfg = Debug|Win32
		{4E765BE6-18A3-4318-B1C7-C1C0E1155273}.Debug|Win32.Build.0 = Debug|Win32
		{4E765BE6-18A3-4318-B1C7-C1C0E1155273}.Release|Win32.ActiveCfg = Release|Win32
		{4E765BE6-18A3-4318-B1C7-C1C0E1155273}.Release|Win32.Build.0 = Release|Win32
		{5EB82E5E-E756-417A-A3A3-4D54FCF9A276}.Debug|Win32.ActiveCfg = Debug|Win32
		{5EB82E5E-E756-417A-A3A3-4D54FCF9A276}.Debug|Win32.Build.0 = Debug|Win32
		{5EB82E5E-E756-417A-A3A3-4D54FCF9A276}.Release|Win32.ActiveCfg = Release|Win32
		{5EB82E5E-E756-417A-A3A3-4D54FCF9A276}.Release|Win32.Build.0 = Release|Win32
		{4CC66460-7C6E-48D1-8F32-165C4B0D1723}.Debug|Win32.ActiveCfg = Debug|Win32
		{4CC66460-7C6E-48D1-8F32-165C4B0D1723}.Debug|Win32.Build.0 = Debug|Win32
		{4CC66460-7C6E-48D1-8F32-165C4B0D1723}.Release|Win32.ActiveCfg = Release|Win32
		{4CC66460-7C6E-48D1-8F32-165C4B0D1723}.Release|Win32.Build.0 = Release|Win32
		{B9AB03F4-E145-471B-B9D6-F9B4BDF88629}.Debug|Win32.ActiveCfg = Debug|Win32
		{B9AB03F4-E145-471B-B9D6-F9B4BDF88629}.Debug|Win32.Build.0 = Debug|Win32
		{B9AB03F4-E145-471B-B9D6-F9B4BDF88629}.Release|Win32.ActiveCfg = Release|Win32
		{B9AB03F4-E145-471B-B9D6-F9B4BDF88629}.Release|Win32.Build.0 = Release|Win32
		{80DE4F1F-26D8-4C06-89A3-FDDD6EF0E600}.Debug|Win32.ActiveCfg = Debug|Win32
		{80DE4F1F-26D8-4C06-89A3-FDDD6EF0E600}.Debug|Win32.Build.0 = Debug|Win32
		{80DE4F1F-26D8-4C06-89A3-FDDD6EF0E600}.Release|Win32.ActiveCfg = Release|Win32
		{80DE4F1F-26D8-4C06-89A3-FDDD6EF0E600}.Release|Win32.Build.0 = Release|Win32
		{57D465D2-2577-4E86-A834-2771691D1269}.Debug|Win32.ActiveCfg = Debug|Win32
		{57D465D2-2577-4E86-A834-2771691D1269}.Debug|Win32.Build.0 = Debug|Win32
		{57D465D2-2577-4E86-A834-2771691D1269}.Release|Win32.ActiveCfg = Release|Win32
		{57D465D2-2577-4E86-A834-2771691D1269}.Release|Win32.Build.0 = Release|Win32
		{ED277120-E9D6-4F74-BD7D-182FBBADB887}.Debug|Win32.ActiveCfg = Debug|Win32
		{ED277120-E9D6-4F74-BD7D-182FBBADB887}.Debug|Win32.Build.0 = Debug|Win32
		{ED277120-E9D6-4F74-BD7D-182FBBADB887}.Release|Win32.ActiveCfg = Release|Win32
		{ED277120-E9D6-4F74-BD7D-182FBBADB887}.Release|Win32.Build.0 = Release|Win32
		{62F2C975-9F00-4351-A57D-FFA1235DBEEE}.Debug|Win32.ActiveCfg = Debug|Win32
		{62F2C975-9F00-4351-A57D-FFA1235DBEEE}.Debug|Win32.Build.0 = Debug|Win32
		{62F2C975-9F00-4351-A57D-FFA1235DBEEE}.Release|Win32.ActiveCfg = Release|Win32
		{62F2C975-9F00-4351-A57D-FFA1235DBEEE}.Release|Win32.Build.0 = Release|Win32
		{6B8A645B-A4E8-4AD4-A82A-93505528810A}.Debug|Win32.ActiveCfg = Debug|Win32
		{6B8A645B-A4E8-4AD4-A82A-93505528810A}.Debug|Win32.Build.0 = Debug|Win32
		{6B8A645B-A4E8-4AD4-A82A-93505528810A}.Release|Win32.ActiveCfg = Release|Win32
		{6B8A645B-A4E8-4AD4-A82A-93505528810A}.Release|Win32.Build.0 = Release|Win32
		{89C20A82-5FDD-4134-827B-5968839D6E95}.Debug|Win32.ActiveCfg = Debug|Win32
		{89C20A82-5FDD-4134-827B-5968839D6E95}.Debug|Win32.Build.0 = Debug|Win32
		{89C20A82-5FDD-4134-827B-5968839D6E95}.Release|Win32.ActiveCfg = Release|Win32
		{89C20A82-5FDD-4134-827B-5968839D6E95}.Release|Win32.Build.0 = Release|Win32
		{FCD874A0-4073-434B-87CC-ABE9F31193CE}.Debug|Win32.ActiveCfg = Debug|Win32
		{FCD874A0-4073-434B-87CC-ABE9F31193CE}.Debug|Win32.Build.0 = Debug|Win32
		{FCD874A0-4073-434B-87CC-ABE9F31193CE}.Release|Win32.ActiveCfg = Release|Win32
		{FCD874A0-4073-434B-87CC-ABE9F31193CE}.Release|Win32.Build.0 = Release|Win32
		{C17FE02F-777A-4067-8850-8F2716979C87}.Debug|Win32.ActiveCfg = Debug|Win32
		{C17FE02F-777A-4067-8850-8F2716979C87}.Debug|Win32.Build.0 = Debug|Win32
		{C17FE02F-777A-4067-8850-8F2716979C87}.Release|Win32.ActiveCfg = Release|Win32
		{C17FE02F-777A-4067-8850-8F2716979C87}.Release|Win32.Build.0 = Release|Win32
		{E60C45CA-4F88-426B-ACC9-8D6F9A069DED}.Debug|Win32.ActiveCfg = Debug|Win32
		{E60C45CA-4F88-426B-ACC9-8D6F9A069DED}.Debug|Win32.Build.0 = Debug|Win32
		{E60C45CA-4F88-426B-ACC9-8D6F9A069DED}.Release|Win32.ActiveCfg = Release|Win32
		{E60C45CA-4F88-426B-ACC9-8D6F9A069DED}.Release|Win32.Build.0 = Release|Win32
		{271BC3B0-5B12-4895-8818-B9DB5A836325}.Debug|Win32.ActiveCfg = Debug|Win32
		{271BC3B0-5B12-4895-8818-B9DB5A836325}.Debug|Win32.Build.0 = Debug|Win32
		{271BC3B0-5B12-4895-8818-B9DB5A836325}.Release|Win32.ActiveCfg = Release|Win32
		{271BC3B0-5B12-4895-8818-B9DB5A836325}.Release|Win32.Build.0 = Release|Win32
		{0F9ECC81-278A-4C5D-B01D-11E584C20282}.Debug|Win32.ActiveCfg = Debug|Win32
		{0F9ECC81-278A-4C5D-B01D-11E584C20282}.Debug|Win32.Build.0 = Debug|Win32
		{0F9ECC81-278A-4C5D-B01D-11E584C20282}.Release|Win32.ActiveCfg = Release|Win32
		{0F9ECC81-278A-4C5D-B01D-11E584C20282}.Release|Win32.Build.0 = Release|Win32
	EndGlobalSection
	GlobalSection(SolutionProperties) = preSolution
		HideSolutionNode = FALSE
	EndGlobalSection
	GlobalSection(NestedProjects) = preSolution
		{9075423E-B45C-4D41-8C9F-F5EAC95DEE4F} = {6409AAEF-2C77-491B-B2AC-D44B0383D1BF}
		{4C684134-2CCA-474A-89BA-AA809EDF062D} = {6409AAEF-2C77-491B-B2AC-D44B0383D1BF}
		{492C313B-045A-4353-BD9C-86E86C2D51D4} = {6409AAEF-2C77-491B-B2AC-D44B0383D1BF}
		{BE9B9EAB-D44F-47D7-A317-70A66151C39D} = {4C684134-2CCA-474A-89BA-AA809EDF062D}
		{6B2198AD-9A5D-48D1-8C2D-4BAAC06B6AEA} = {4C684134-2CCA-474A-89BA-AA809EDF062D}
		{0CEB9E44-CE8A-4D7C-8315-5B7FE71396CA} = {4C684134-2CCA-474A-89BA-AA809EDF062D}
		{66D69AE3-0C8D-4C02-B29A-42B1FC611AB8} = {492C313B-045A-4353-BD9C-86E86C2D51D4}
		{4E765BE6-18A3-4318-B1C7-C1C0E1155273} = {492C313B-045A-4353-BD9C-86E86C2D51D4}
		{5EB82E5E-E756-417A-A3A3-4D54FCF9A276} = {492C313B-045A-4353-BD9C-86E86C2D51D4}
		{4CC66460-7C6E-48D1-8F32-165C4B0D1723} = {492C313B-045A-4353-BD9C-86E86C2D51D4}
		{B9AB03F4-E145-471B-B9D6-F9B4BDF88629} = {492C313B-045A-4353-BD9C-86E86C2D51D4}
		{80DE4F1F-26D8-4C06-89A3-FDDD6EF0E600} = {492C313B-045A-4353-BD9C-86E86C2D51D4}
		{C49B9FE9-43BB-438A-8C3E-0B7A30B545B6} = {9579A55D-E8DE-483F-AD2A-10B231F4A0E3}
		{5EC6E58B-F901-49B5-8A39-332CA810BE41} = {9579A55D-E8DE-483F-AD2A-10B231F4A0E3}
		{57D465D2-2577-4E86-A834-2771691D1269} = {C49B9FE9-43BB-438A-8C3E-0B7A30B545B6}
		{ED277120-E9D6-4F74-BD7D-182FBBADB887} = {5EC6E58B-F901-49B5-8A39-332CA810BE41}
		{62F2C975-9F00-4351-A57D-FFA1235DBEEE} = {5EC6E58B-F901-49B5-8A39-332CA810BE41}
		{6B8A645B-A4E8-4AD4-A82A-93505528810A} = {5EC6E58B-F901-49B5-8A39-332CA810BE41}
		{89C20A82-5FDD-4134-827B-5968839D6E95} = {5EC6E58B-F901-49B5-8A39-332CA810BE41}
		{FCD874A0-4073-434B-87CC-ABE9F31193CE} = {33B4FA65-07E4-40A5-99AA-A57BA17A4502}
		{9EADCE8A-5A37-4AA4-9E7E-C308764C23CA} = {33B4FA65-07E4-40A5-99AA-A57BA17A4502}
		{C17FE02F-777A-4067-8850-8F2716979C87} = {9EADCE8A-5A37-4AA4-9E7E-C308764C23CA}
		{636BA09E-3BA2-4D8B-A341-622041F7267F} = {907866F5-EA17-41F5-98BA-7D78E04FD8B4}
		{522A8AA2-DE13-471E-A8A2-C03A74A50911} = {907866F5-EA17-41F5-98BA-7D78E04FD8B4}
		{E60C45CA-4F88-426B-ACC9-8D6F9A069DED} = {636BA09E-3BA2-4D8B-A341-622041F7267F}
		{271BC3B0-5B12-4895-8818-B9DB5A836325} = {636BA09E-3BA2-4D8B-A341-622041F7267F}
		{0F9ECC81-278A-4C5D-B01D-11E584C20282} = {636BA09E-3BA2-4D8B-A341-622041F7267F}
	EndGlobalSection
EndGlobal
