
Microsoft Visual Studio Solution File, Format Version 12.00
# Visual Studio 2012
Project("{2150E333-8FDC-42A3-9474-1A3956D46DE8}") = "CHAPTER 04 COMPUTATION", "CHAPTER 04 COMPUTATION", "{3627D449-28C0-4289-9A2F-2FD00FAE8326}"
EndProject
Project("{2150E333-8FDC-42A3-9474-1A3956D46DE8}") = "DRILL", "DRILL", "{5872532C-E7D5-41DD-A945-E1424F158DB4}"
EndProject
Project("{2150E333-8FDC-42A3-9474-1A3956D46DE8}") = "EXERCISES", "EXERCISES", "{D074C0F3-EC18-437C-BC3C-4E84FE4058AA}"
EndProject
Project("{2150E333-8FDC-42A3-9474-1A3956D46DE8}") = "CHAPTER 05 ERRORS", "CHAPTER 05 ERRORS", "{B7F9DAB7-703C-42C2-BEA8-0F5E015AC77D}"
EndProject
Project("{2150E333-8FDC-42A3-9474-1A3956D46DE8}") = "DRILL", "DRILL", "{C7E4F3B1-DE1C-431C-ADD0-44EB1FDAE290}"
EndProject
Project("{2150E333-8FDC-42A3-9474-1A3956D46DE8}") = "EXERCISES", "EXERCISES", "{A9B7FE95-EE60-43F1-B72B-4DCD13DE88BA}"
EndProject
Project("{2150E333-8FDC-42A3-9474-1A3956D46DE8}") = "CHAPTER 06 WRITING A PROGRAM", "CHAPTER 06 WRITING A PROGRAM", "{9A745F7C-FCB0-4838-B5F2-5C6B9C706A32}"
EndProject
Project("{2150E333-8FDC-42A3-9474-1A3956D46DE8}") = "DRILL", "DRILL", "{EFCD95F6-6BED-43CA-9241-B8B6A472B2E0}"
EndProject
Project("{2150E333-8FDC-42A3-9474-1A3956D46DE8}") = "EXERCISES", "EXERCISES", "{28D95691-2E2C-4852-869E-7F05C737E407}"
EndProject
Project("{2150E333-8FDC-42A3-9474-1A3956D46DE8}") = "CHAPTER 08 TECHNICALITIES - FUNCTIONS", "CHAPTER 08 TECHNICALITIES - FUNCTIONS", "{59D61501-C5C4-4615-921E-6AAB4022C192}"
EndProject
Project("{2150E333-8FDC-42A3-9474-1A3956D46DE8}") = "DRILL", "DRILL", "{864C879A-B7DC-4FE2-8D5F-89B8CE05384B}"
EndProject
Project("{2150E333-8FDC-42A3-9474-1A3956D46DE8}") = "EXERCISES", "EXERCISES", "{1D219AFF-02CC-4ACC-A1CE-2203D98AE972}"
EndProject
Project("{8BC9CEB8-8B4A-11D0-8D11-00A0C91BC942}") = "Step 1-3", "CHAPTER 4 COMPUTATION\DRILL\Step 1-3\Step 1-3.vcxproj", "{0A54CEA8-75BA-4E52-9231-3C93EFA64BB3}"
EndProject
Project("{8BC9CEB8-8B4A-11D0-8D11-00A0C91BC942}") = "Step 4-5", "CHAPTER 4 COMPUTATION\DRILL\Step 4-5\Step 4-5.vcxproj", "{D26BFCB2-03D3-4690-99C9-57D96150A092}"
EndProject
Project("{8BC9CEB8-8B4A-11D0-8D11-00A0C91BC942}") = "Step 6-10", "CHAPTER 4 COMPUTATION\DRILL\Step 6-10\Step 6-10.vcxproj", "{BA002D07-9769-4B41-93AB-368B0FFD1795}"
EndProject
Project("{8BC9CEB8-8B4A-11D0-8D11-00A0C91BC942}") = "Step 1", "CHAPTER 8 TECHNICALITIES - FUNCTIONS\DRILL\Step 1\Step 1.vcxproj", "{EFE9D3DE-C660-43D8-9CD6-2171EDD08904}"
EndProject
Project("{8BC9CEB8-8B4A-11D0-8D11-00A0C91BC942}") = "Step 2", "CHAPTER 8 TECHNICALITIES - FUNCTIONS\DRILL\Step 2\Step 2.vcxproj", "{48D5D139-19B3-4657-BD54-D049DD64C4DC}"
EndProject
Project("{8BC9CEB8-8B4A-11D0-8D11-00A0C91BC942}") = "Step 3", "CHAPTER 8 TECHNICALITIES - FUNCTIONS\DRILL\Step 3\Step 3.vcxproj", "{15306772-CA63-476E-8E90-24A87CA6541E}"
EndProject
Project("{8BC9CEB8-8B4A-11D0-8D11-00A0C91BC942}") = "Task 2 and 3", "CHAPTER 8 TECHNICALITIES - FUNCTIONS\EXERCISES\Task 2 and 3\Task 2 and 3.vcxproj", "{14F74829-A5F6-4C8C-A695-A7DBE56A3795}"
EndProject
Project("{8BC9CEB8-8B4A-11D0-8D11-00A0C91BC942}") = "Task 5", "CHAPTER 8 TECHNICALITIES - FUNCTIONS\EXERCISES\Task 5\Task 5.vcxproj", "{E0BF5FB1-6456-40AA-A362-2496AD1C8C1A}"
EndProject
Project("{8BC9CEB8-8B4A-11D0-8D11-00A0C91BC942}") = "Task 6", "CHAPTER 8 TECHNICALITIES - FUNCTIONS\EXERCISES\Task 6\Task 6.vcxproj", "{2BA98A8E-4E0B-40E6-9957-305203D6B226}"
EndProject
Project("{8BC9CEB8-8B4A-11D0-8D11-00A0C91BC942}") = "Task 7", "CHAPTER 8 TECHNICALITIES - FUNCTIONS\EXERCISES\Task 7\Task 7.vcxproj", "{F4AD9E9D-1F4E-4962-A26E-590A0A1BBF78}"
EndProject
Project("{8BC9CEB8-8B4A-11D0-8D11-00A0C91BC942}") = "Task 8", "CHAPTER 8 TECHNICALITIES - FUNCTIONS\EXERCISES\Task 8\Task 8.vcxproj", "{FCCACA3E-2B9B-4F71-9CF5-3D49C39FFD99}"
EndProject
Project("{8BC9CEB8-8B4A-11D0-8D11-00A0C91BC942}") = "Task 9", "CHAPTER 8 TECHNICALITIES - FUNCTIONS\EXERCISES\Task 9\Task 9.vcxproj", "{909CBE86-1DAF-43D5-83BF-6A6F8583D36B}"
EndProject
Project("{8BC9CEB8-8B4A-11D0-8D11-00A0C91BC942}") = "Task 14", "CHAPTER 8 TECHNICALITIES - FUNCTIONS\EXERCISES\Task 14\Task 14.vcxproj", "{7DC461CB-427F-4408-B815-52D3F1731FD3}"
EndProject
Project("{2150E333-8FDC-42A3-9474-1A3956D46DE8}") = "CHAPTER 09 TECHNICALITIES - CLASSES", "CHAPTER 09 TECHNICALITIES - CLASSES", "{331A7417-DEC3-4BDB-8260-98369B8E0F74}"
EndProject
Project("{2150E333-8FDC-42A3-9474-1A3956D46DE8}") = "DRILL", "DRILL", "{7609A882-9BAD-449C-AF6C-58C6080ABE59}"
EndProject
Project("{2150E333-8FDC-42A3-9474-1A3956D46DE8}") = "EXERCISES", "EXERCISES", "{2D688411-5E57-4154-B1E0-830842A29923}"
EndProject
Project("{8BC9CEB8-8B4A-11D0-8D11-00A0C91BC942}") = "Task 2", "CHAPTER 9 TECHNICALITIES - CLASSES\EXERCISES\Task 2\Task 2.vcxproj", "{03769954-6739-4BF4-A247-2536795DD9C9}"
EndProject
Project("{8BC9CEB8-8B4A-11D0-8D11-00A0C91BC942}") = "Task 5-9", "CHAPTER 9 TECHNICALITIES - CLASSES\EXERCISES\Task 5-9\Task 5-9.vcxproj", "{33570B2A-DEC1-4581-83DC-3F6FC0EEF555}"
EndProject
Project("{2150E333-8FDC-42A3-9474-1A3956D46DE8}") = "CHAPTER 11 CUSTOMIZING INPUT AND OUTPUT", "CHAPTER 11 CUSTOMIZING INPUT AND OUTPUT", "{94B8BBFB-7379-4266-BDA6-A0C401F8772D}"
EndProject
Project("{2150E333-8FDC-42A3-9474-1A3956D46DE8}") = "DRILL", "DRILL", "{B3FF5A34-7EAC-4769-88B8-4EF327DB5CBE}"
EndProject
Project("{2150E333-8FDC-42A3-9474-1A3956D46DE8}") = "EXERCISES", "EXERCISES", "{465E311B-76B3-4B9D-9D64-4B754097C682}"
EndProject
Project("{8BC9CEB8-8B4A-11D0-8D11-00A0C91BC942}") = "testOutput", "CHAPTER 11 CUSTOMIZING INPUT AND OUTPUT\DRILL\testOutput\testOutput.vcxproj", "{F027CF22-F015-416D-B157-D81493A60087}"
EndProject
Project("{8BC9CEB8-8B4A-11D0-8D11-00A0C91BC942}") = "Task 01", "CHAPTER 11 CUSTOMIZING INPUT AND OUTPUT\EXERCISES\Task 01\Task 01.vcxproj", "{C30ACE07-74E0-40E1-AA5F-65DAB0FAE518}"
EndProject
Project("{8BC9CEB8-8B4A-11D0-8D11-00A0C91BC942}") = "Task 02", "CHAPTER 11 CUSTOMIZING INPUT AND OUTPUT\EXERCISES\Task 02\Task 02.vcxproj", "{8476741D-71AC-49DA-9852-A2B748258CD6}"
EndProject
Project("{8BC9CEB8-8B4A-11D0-8D11-00A0C91BC942}") = "Task 03", "CHAPTER 11 CUSTOMIZING INPUT AND OUTPUT\EXERCISES\Task 03\Task 03.vcxproj", "{FB001298-1C21-4366-8599-F85C9598213C}"
EndProject
Project("{8BC9CEB8-8B4A-11D0-8D11-00A0C91BC942}") = "Task 04", "CHAPTER 11 CUSTOMIZING INPUT AND OUTPUT\EXERCISES\Task 04\Task 04.vcxproj", "{871ED3D5-809D-4E98-B054-4A8F7CA9058D}"
EndProject
Project("{8BC9CEB8-8B4A-11D0-8D11-00A0C91BC942}") = "Task 05", "CHAPTER 11 CUSTOMIZING INPUT AND OUTPUT\EXERCISES\Task 05\Task 05.vcxproj", "{051C2B37-914B-49CF-8F31-BD052C1F8F8E}"
EndProject
Project("{8BC9CEB8-8B4A-11D0-8D11-00A0C91BC942}") = "Task 08", "CHAPTER 11 CUSTOMIZING INPUT AND OUTPUT\EXERCISES\Task 08\Task 08.vcxproj", "{7A3BBA95-F378-4221-8AFF-3901A34A276F}"
EndProject
Project("{8BC9CEB8-8B4A-11D0-8D11-00A0C91BC942}") = "Task 09", "CHAPTER 11 CUSTOMIZING INPUT AND OUTPUT\EXERCISES\Task 09\Task 09.vcxproj", "{7F002E7C-EF1B-4603-BD07-2A0CB64DE2C9}"
EndProject
Project("{8BC9CEB8-8B4A-11D0-8D11-00A0C91BC942}") = "Task 10", "CHAPTER 11 CUSTOMIZING INPUT AND OUTPUT\EXERCISES\Task 10\Task 10.vcxproj", "{D194FCAD-CCB7-4610-A58C-96955BEBA6DE}"
EndProject
Project("{2150E333-8FDC-42A3-9474-1A3956D46DE8}") = "CHAPTER 17 VECTOR AND FREE STORE", "CHAPTER 17 VECTOR AND FREE STORE", "{C7AA3E6A-C254-47D6-A560-FC3D36D11C8C}"
EndProject
Project("{2150E333-8FDC-42A3-9474-1A3956D46DE8}") = "DRILL", "DRILL", "{3AAFE881-238F-49C9-BF27-FF980416EE60}"
EndProject
Project("{2150E333-8FDC-42A3-9474-1A3956D46DE8}") = "EXERCISES", "EXERCISES", "{85B17987-47F4-4039-BD14-DCB64297DEF8}"
EndProject
Project("{8BC9CEB8-8B4A-11D0-8D11-00A0C91BC942}") = "printArray", "CHAPTER 17 VECTOR AND FREE STORE\DRILL\printArray\printArray.vcxproj", "{CEEAA059-1463-40B7-B8FA-70DC8EBEA6EF}"
EndProject
Project("{8BC9CEB8-8B4A-11D0-8D11-00A0C91BC942}") = "Part 2", "CHAPTER 17 VECTOR AND FREE STORE\DRILL\Part 2\Part 2.vcxproj", "{7DE3CC1A-BCC9-4005-AECC-27701AF5F854}"
EndProject
Project("{8BC9CEB8-8B4A-11D0-8D11-00A0C91BC942}") = "Task 3", "CHAPTER 17 VECTOR AND FREE STORE\EXERCISES\Task 1\Task 1.vcxproj", "{D8AFF5AD-A0F2-4E6A-9897-1A1AA4512B43}"
EndProject
Project("{8BC9CEB8-8B4A-11D0-8D11-00A0C91BC942}") = "Task 4", "CHAPTER 17 VECTOR AND FREE STORE\EXERCISES\Task 4\Task 4.vcxproj", "{09D0DCBC-982E-417B-86A4-EAF930EF2AFE}"
EndProject
Project("{8BC9CEB8-8B4A-11D0-8D11-00A0C91BC942}") = "Task 5", "CHAPTER 17 VECTOR AND FREE STORE\EXERCISES\Task 5\Task 5.vcxproj", "{FE554A2F-0034-4DF0-A802-CA4E2544ECB4}"
EndProject
Project("{8BC9CEB8-8B4A-11D0-8D11-00A0C91BC942}") = "Task 6", "CHAPTER 17 VECTOR AND FREE STORE\EXERCISES\Task 6\Task 6.vcxproj", "{D8E75D70-DA08-4E78-B774-65894A9149C3}"
EndProject
Project("{8BC9CEB8-8B4A-11D0-8D11-00A0C91BC942}") = "Task 7", "CHAPTER 17 VECTOR AND FREE STORE\EXERCISES\Task 7\Task 7.vcxproj", "{D49AB931-EAF0-433C-8046-620C0270574B}"
EndProject
Project("{8BC9CEB8-8B4A-11D0-8D11-00A0C91BC942}") = "Task 8", "CHAPTER 17 VECTOR AND FREE STORE\EXERCISES\Task 8\Task 8.vcxproj", "{7C4E41B3-42CE-4697-8E5B-70DFF4A1A976}"
EndProject
Project("{2150E333-8FDC-42A3-9474-1A3956D46DE8}") = "CHAPTER 18 VECTORS AND ARRAYS", "CHAPTER 18 VECTORS AND ARRAYS", "{CC52B9D6-E8FA-4E7A-B9C2-4D6D5FE65698}"
EndProject
Project("{2150E333-8FDC-42A3-9474-1A3956D46DE8}") = "DRILL", "DRILL", "{44DBCAB9-66C0-458A-A0C3-BA2130F7B2C0}"
EndProject
Project("{2150E333-8FDC-42A3-9474-1A3956D46DE8}") = "EXERCISES", "EXERCISES", "{8830BB38-6A9E-43AC-AD66-981E0647BFD8}"
EndProject
Project("{8BC9CEB8-8B4A-11D0-8D11-00A0C91BC942}") = "arrayDrill", "CHAPTER 18 VECTORS AND ARRAYS\DRILL\arrayDrill\arrayDrill.vcxproj", "{5F887610-FE8D-4F17-AF98-D6D14AE696F6}"
EndProject
Project("{8BC9CEB8-8B4A-11D0-8D11-00A0C91BC942}") = "vectorDrill", "CHAPTER 18 VECTORS AND ARRAYS\DRILL\vectorDrill\vectorDrill.vcxproj", "{9F132E3C-8AD4-4ED2-B5B9-4744D4798458}"
EndProject
Project("{8BC9CEB8-8B4A-11D0-8D11-00A0C91BC942}") = "Task 1", "CHAPTER 18 VECTORS AND ARRAYS\EXERCISES\Task 1\Task 1.vcxproj", "{6268EF74-B6A4-4F18-A676-E74A3A23DB36}"
EndProject
Project("{8BC9CEB8-8B4A-11D0-8D11-00A0C91BC942}") = "Task 2", "CHAPTER 18 VECTORS AND ARRAYS\EXERCISES\Task 2\Task 2.vcxproj", "{16F18AB0-509E-4CE0-911E-E7BAFAEB1D27}"
EndProject
Project("{8BC9CEB8-8B4A-11D0-8D11-00A0C91BC942}") = "Task 3", "CHAPTER 18 VECTORS AND ARRAYS\EXERCISES\Task 3\Task 3.vcxproj", "{FB720261-4E32-4670-9B8C-E5C1C35616F2}"
EndProject
Project("{8BC9CEB8-8B4A-11D0-8D11-00A0C91BC942}") = "Task 5", "CHAPTER 18 VECTORS AND ARRAYS\EXERCISES\Task 5\Task 5.vcxproj", "{1B415629-703D-40DB-A7D8-91C38A3D76B5}"
EndProject
Project("{8BC9CEB8-8B4A-11D0-8D11-00A0C91BC942}") = "Task 6", "CHAPTER 18 VECTORS AND ARRAYS\EXERCISES\Task 6\Task 6.vcxproj", "{6133F578-1C67-4294-AE9C-A46426FD4D7E}"
EndProject
Project("{8BC9CEB8-8B4A-11D0-8D11-00A0C91BC942}") = "Task 7", "CHAPTER 18 VECTORS AND ARRAYS\EXERCISES\Task 7\Task 7.vcxproj", "{5487839A-222D-4983-BF76-7C109C7AAFFC}"
EndProject
Project("{8BC9CEB8-8B4A-11D0-8D11-00A0C91BC942}") = "Task 8", "CHAPTER 18 VECTORS AND ARRAYS\EXERCISES\Task 8\Task 8.vcxproj", "{DD3E6727-960C-4556-B8F3-F5FC767F7730}"
EndProject
Project("{2150E333-8FDC-42A3-9474-1A3956D46DE8}") = "CHAPTER 19 VECTOR, TEMPLATES, AND EXCEPTIONS", "CHAPTER 19 VECTOR, TEMPLATES, AND EXCEPTIONS", "{95DB9051-DADA-4599-A0C8-BF5668F90BBB}"
EndProject
Project("{2150E333-8FDC-42A3-9474-1A3956D46DE8}") = "DRILL", "DRILL", "{9633AA66-1A8F-463E-BCE8-0DC6934ABA91}"
EndProject
Project("{2150E333-8FDC-42A3-9474-1A3956D46DE8}") = "EXERCISES", "EXERCISES", "{95561AAB-207C-4592-91A2-084E9702115C}"
EndProject
Project("{8BC9CEB8-8B4A-11D0-8D11-00A0C91BC942}") = "templateStruct", "CHAPTER 19 VECTOR, TEMPLATES, AND EXCEPTIONS\DRILL\templateStruct\templateStruct.vcxproj", "{249FEDA0-DF81-44E2-B39C-6DE76DFB24C5}"
EndProject
Project("{8BC9CEB8-8B4A-11D0-8D11-00A0C91BC942}") = "templateStruct_2", "CHAPTER 19 VECTOR, TEMPLATES, AND EXCEPTIONS\DRILL\templateStruct_2\templateStruct_2.vcxproj", "{92593A20-BD34-48BB-B893-65D059A0DFE5}"
EndProject
Project("{8BC9CEB8-8B4A-11D0-8D11-00A0C91BC942}") = "functionTemplate", "CHAPTER 19 VECTOR, TEMPLATES, AND EXCEPTIONS\DRILL\functionTemplate\functionTemplate.vcxproj", "{26690E8E-BC92-429C-A9B2-2F97C94B6909}"
EndProject
Project("{8BC9CEB8-8B4A-11D0-8D11-00A0C91BC942}") = "Task 1", "CHAPTER 19 VECTOR, TEMPLATES, AND EXCEPTIONS\EXERCISES\Task 1\Task 1.vcxproj", "{2E4A6334-929E-49AB-B29F-A4240B69BC8D}"
EndProject
Project("{8BC9CEB8-8B4A-11D0-8D11-00A0C91BC942}") = "Task 2", "CHAPTER 19 VECTOR, TEMPLATES, AND EXCEPTIONS\EXERCISES\Task 2\Task 2.vcxproj", "{EDB9C0B4-06DD-41D7-92E0-1337BA383E03}"
EndProject
Project("{8BC9CEB8-8B4A-11D0-8D11-00A0C91BC942}") = "Task 3", "CHAPTER 19 VECTOR, TEMPLATES, AND EXCEPTIONS\EXERCISES\Task 3\Task 3.vcxproj", "{35E3561C-61EC-44D8-B187-4CFCF39A4F73}"
EndProject
Project("{8BC9CEB8-8B4A-11D0-8D11-00A0C91BC942}") = "Task 5", "CHAPTER 19 VECTOR, TEMPLATES, AND EXCEPTIONS\EXERCISES\Task 5\Task 5.vcxproj", "{B3FFB228-646F-469A-AA9F-FE8DAEB49B5F}"
EndProject
Project("{8BC9CEB8-8B4A-11D0-8D11-00A0C91BC942}") = "Task 12", "CHAPTER 19 VECTOR, TEMPLATES, AND EXCEPTIONS\EXERCISES\Task 12\Task 12.vcxproj", "{949CE08D-B125-481E-9223-83613877919F}"
EndProject
Project("{2150E333-8FDC-42A3-9474-1A3956D46DE8}") = "Data Structure Implementations", "Data Structure Implementations", "{A2E8A63C-06CC-4537-A028-114414EF8757}"
EndProject
Project("{8BC9CEB8-8B4A-11D0-8D11-00A0C91BC942}") = "List v1.0", "Data Structure Implementations\List v1.0\List v1.0.vcxproj", "{B69262B3-FDF1-4E6F-83C3-5AC690425E3C}"
EndProject
Project("{8BC9CEB8-8B4A-11D0-8D11-00A0C91BC942}") = "Linked List v2.0", "Data Structure Implementations\Linked List v2.0\Linked List v2.0.vcxproj", "{392B0ED7-6CB8-4D0E-A929-1D9B501ED3F1}"
EndProject
Project("{2150E333-8FDC-42A3-9474-1A3956D46DE8}") = "CHAPTER 20 CONTAINERS AND ITERATORS", "CHAPTER 20 CONTAINERS AND ITERATORS", "{9A52419F-5AC7-44E2-BD57-62375DC8CD18}"
EndProject
Project("{2150E333-8FDC-42A3-9474-1A3956D46DE8}") = "DRILL", "DRILL", "{D4B4B20B-A2B7-4249-99FB-C3A5EEB51E8B}"
EndProject
Project("{2150E333-8FDC-42A3-9474-1A3956D46DE8}") = "EXERCISES", "EXERCISES", "{726DC370-D652-4BC0-AB64-73E57F712C0C}"
EndProject
Project("{8BC9CEB8-8B4A-11D0-8D11-00A0C91BC942}") = "Step 1-5", "CHAPTER 20 CONTAINERS AND ITERATORS\DRILL\Step 1-5\Step 1-5.vcxproj", "{4F29D9DC-A29A-4D8C-B511-DC877AD9AA68}"
EndProject
Project("{8BC9CEB8-8B4A-11D0-8D11-00A0C91BC942}") = "Step 6-7", "CHAPTER 20 CONTAINERS AND ITERATORS\DRILL\Step 6-7\Step 6-7.vcxproj", "{6BECB9A1-EF74-4C7B-B38E-D7E28027B015}"
EndProject
Project("{2150E333-8FDC-42A3-9474-1A3956D46DE8}") = "CHAPTER 21 ALGORITHMS AND MAPS", "CHAPTER 21 ALGORITHMS AND MAPS", "{33FBB1F1-2D82-42C8-B57E-73E6D5DA0F8E}"
EndProject
Project("{2150E333-8FDC-42A3-9474-1A3956D46DE8}") = "DRILL", "DRILL", "{A7A9F707-448A-4303-90C1-837730902601}"
EndProject
Project("{2150E333-8FDC-42A3-9474-1A3956D46DE8}") = "EXERCISES", "EXERCISES", "{95270577-2780-47AF-990D-D1E6CAB63729}"
EndProject
Project("{8BC9CEB8-8B4A-11D0-8D11-00A0C91BC942}") = "Vector Item", "CHAPTER 21 ALGORITHMS AND MAPS\DRILL\Vector Item\Vector Item.vcxproj", "{1A5164F7-4D15-415E-8C23-1076C77C26E3}"
EndProject
Project("{8BC9CEB8-8B4A-11D0-8D11-00A0C91BC942}") = "map-items", "CHAPTER 21 ALGORITHMS AND MAPS\DRILL\map-items\map-items.vcxproj", "{B4A5AFA2-F35E-4424-AC08-B9A74ED96DD2}"
EndProject
Project("{8BC9CEB8-8B4A-11D0-8D11-00A0C91BC942}") = "Task 7", "CHAPTER 21 ALGORITHMS AND MAPS\EXERCISES\Task 7\Task 7.vcxproj", "{FDD1A567-662A-458C-9821-053CA43FA2BD}"
EndProject
Project("{8BC9CEB8-8B4A-11D0-8D11-00A0C91BC942}") = "DELETEME", "CHAPTER 21 ALGORITHMS AND MAPS\EXERCISES\DELETEME\DELETEME.vcxproj", "{0C956340-5157-4B65-95BB-F7CC416E0440}"
EndProject
Project("{2150E333-8FDC-42A3-9474-1A3956D46DE8}") = "CHAPTER 23 TEXT MANIPULATION", "CHAPTER 23 TEXT MANIPULATION", "{3A677F17-4464-42AA-9029-CAF6EF574ACB}"
EndProject
Project("{2150E333-8FDC-42A3-9474-1A3956D46DE8}") = "DRILL", "DRILL", "{5B08D44D-2F40-43D9-B8C9-828AB34FE5BB}"
EndProject
Project("{2150E333-8FDC-42A3-9474-1A3956D46DE8}") = "EXERCISES", "EXERCISES", "{52F241D7-AB15-4707-B4DC-E31160EAB9C2}"
EndProject
Project("{8BC9CEB8-8B4A-11D0-8D11-00A0C91BC942}") = "Task 6", "CHAPTER 23 TEXT MANIPULATION\EXERCISES\Task 6\Task 6.vcxproj", "{CB92EF02-4AE5-4E34-832B-C93307C09B58}"
EndProject
Project("{8BC9CEB8-8B4A-11D0-8D11-00A0C91BC942}") = "Task 13", "CHAPTER 23 TEXT MANIPULATION\EXERCISES\Task 13\Task 13.vcxproj", "{2DBF4AA4-CF89-44CE-A7BD-838FE601ACB5}"
EndProject
Project("{2150E333-8FDC-42A3-9474-1A3956D46DE8}") = "CHAPTER 25 EMBEDDED SYSTEMS PROGRAMMING", "CHAPTER 25 EMBEDDED SYSTEMS PROGRAMMING", "{0AE4D294-3F34-4773-BACA-564F6955C87E}"
EndProject
Project("{2150E333-8FDC-42A3-9474-1A3956D46DE8}") = "DRILL", "DRILL", "{D9421B55-DDAC-4892-ACBA-0B8E94501F8C}"
EndProject
Project("{2150E333-8FDC-42A3-9474-1A3956D46DE8}") = "EXERCISES", "EXERCISES", "{990E607A-6E00-4FA0-8203-4BE53F7E525E}"
EndProject
Project("{8BC9CEB8-8B4A-11D0-8D11-00A0C91BC942}") = "06. Bit Patterns", "CHAPTER 25 EMBEDDED SYSTEMS PROGRAMMING\EXERCISES\Bit Patterns\Bit Patterns.vcxproj", "{78D49B69-6EB4-475C-87D3-E27182A62BB3}"
EndProject
Project("{8BC9CEB8-8B4A-11D0-8D11-00A0C91BC942}") = "07. Hex Values", "CHAPTER 25 EMBEDDED SYSTEMS PROGRAMMING\EXERCISES\Hex Values\Hex Values.vcxproj", "{CD3ABA33-6DA2-4DB7-8231-9C783A894F6D}"
EndProject
Project("{8BC9CEB8-8B4A-11D0-8D11-00A0C91BC942}") = "08. Character values", "CHAPTER 25 EMBEDDED SYSTEMS PROGRAMMING\EXERCISES\08. Character values\08. Character values.vcxproj", "{49663D38-9C26-4B26-9D7E-67006CB5A11A}"
EndProject
Project("{8BC9CEB8-8B4A-11D0-8D11-00A0C91BC942}") = "09. Size of", "CHAPTER 25 EMBEDDED SYSTEMS PROGRAMMING\EXERCISES\09. Size of\09. Size of.vcxproj", "{2FCCA055-691C-4AAD-9F63-9A6F474078D4}"
EndProject
Project("{8BC9CEB8-8B4A-11D0-8D11-00A0C91BC942}") = "15. Allocating memory", "CHAPTER 25 EMBEDDED SYSTEMS PROGRAMMING\EXERCISES\15. Allocating memory\15. Allocating memory.vcxproj", "{58F1283A-5CCD-4E51-BD12-1986D0AE99D4}"
EndProject
Global
	GlobalSection(SolutionConfigurationPlatforms) = preSolution
		Debug|Win32 = Debug|Win32
		Release|Win32 = Release|Win32
	EndGlobalSection
	GlobalSection(ProjectConfigurationPlatforms) = postSolution
		{0A54CEA8-75BA-4E52-9231-3C93EFA64BB3}.Debug|Win32.ActiveCfg = Debug|Win32
		{0A54CEA8-75BA-4E52-9231-3C93EFA64BB3}.Debug|Win32.Build.0 = Debug|Win32
		{0A54CEA8-75BA-4E52-9231-3C93EFA64BB3}.Release|Win32.ActiveCfg = Release|Win32
		{0A54CEA8-75BA-4E52-9231-3C93EFA64BB3}.Release|Win32.Build.0 = Release|Win32
		{D26BFCB2-03D3-4690-99C9-57D96150A092}.Debug|Win32.ActiveCfg = Debug|Win32
		{D26BFCB2-03D3-4690-99C9-57D96150A092}.Debug|Win32.Build.0 = Debug|Win32
		{D26BFCB2-03D3-4690-99C9-57D96150A092}.Release|Win32.ActiveCfg = Release|Win32
		{D26BFCB2-03D3-4690-99C9-57D96150A092}.Release|Win32.Build.0 = Release|Win32
		{BA002D07-9769-4B41-93AB-368B0FFD1795}.Debug|Win32.ActiveCfg = Debug|Win32
		{BA002D07-9769-4B41-93AB-368B0FFD1795}.Debug|Win32.Build.0 = Debug|Win32
		{BA002D07-9769-4B41-93AB-368B0FFD1795}.Release|Win32.ActiveCfg = Release|Win32
		{BA002D07-9769-4B41-93AB-368B0FFD1795}.Release|Win32.Build.0 = Release|Win32
		{EFE9D3DE-C660-43D8-9CD6-2171EDD08904}.Debug|Win32.ActiveCfg = Debug|Win32
		{EFE9D3DE-C660-43D8-9CD6-2171EDD08904}.Debug|Win32.Build.0 = Debug|Win32
		{EFE9D3DE-C660-43D8-9CD6-2171EDD08904}.Release|Win32.ActiveCfg = Release|Win32
		{EFE9D3DE-C660-43D8-9CD6-2171EDD08904}.Release|Win32.Build.0 = Release|Win32
		{48D5D139-19B3-4657-BD54-D049DD64C4DC}.Debug|Win32.ActiveCfg = Debug|Win32
		{48D5D139-19B3-4657-BD54-D049DD64C4DC}.Debug|Win32.Build.0 = Debug|Win32
		{48D5D139-19B3-4657-BD54-D049DD64C4DC}.Release|Win32.ActiveCfg = Release|Win32
		{48D5D139-19B3-4657-BD54-D049DD64C4DC}.Release|Win32.Build.0 = Release|Win32
		{15306772-CA63-476E-8E90-24A87CA6541E}.Debug|Win32.ActiveCfg = Debug|Win32
		{15306772-CA63-476E-8E90-24A87CA6541E}.Debug|Win32.Build.0 = Debug|Win32
		{15306772-CA63-476E-8E90-24A87CA6541E}.Release|Win32.ActiveCfg = Release|Win32
		{15306772-CA63-476E-8E90-24A87CA6541E}.Release|Win32.Build.0 = Release|Win32
		{14F74829-A5F6-4C8C-A695-A7DBE56A3795}.Debug|Win32.ActiveCfg = Debug|Win32
		{14F74829-A5F6-4C8C-A695-A7DBE56A3795}.Debug|Win32.Build.0 = Debug|Win32
		{14F74829-A5F6-4C8C-A695-A7DBE56A3795}.Release|Win32.ActiveCfg = Release|Win32
		{14F74829-A5F6-4C8C-A695-A7DBE56A3795}.Release|Win32.Build.0 = Release|Win32
		{E0BF5FB1-6456-40AA-A362-2496AD1C8C1A}.Debug|Win32.ActiveCfg = Debug|Win32
		{E0BF5FB1-6456-40AA-A362-2496AD1C8C1A}.Debug|Win32.Build.0 = Debug|Win32
		{E0BF5FB1-6456-40AA-A362-2496AD1C8C1A}.Release|Win32.ActiveCfg = Release|Win32
		{E0BF5FB1-6456-40AA-A362-2496AD1C8C1A}.Release|Win32.Build.0 = Release|Win32
		{2BA98A8E-4E0B-40E6-9957-305203D6B226}.Debug|Win32.ActiveCfg = Debug|Win32
		{2BA98A8E-4E0B-40E6-9957-305203D6B226}.Debug|Win32.Build.0 = Debug|Win32
		{2BA98A8E-4E0B-40E6-9957-305203D6B226}.Release|Win32.ActiveCfg = Release|Win32
		{2BA98A8E-4E0B-40E6-9957-305203D6B226}.Release|Win32.Build.0 = Release|Win32
		{F4AD9E9D-1F4E-4962-A26E-590A0A1BBF78}.Debug|Win32.ActiveCfg = Debug|Win32
		{F4AD9E9D-1F4E-4962-A26E-590A0A1BBF78}.Debug|Win32.Build.0 = Debug|Win32
		{F4AD9E9D-1F4E-4962-A26E-590A0A1BBF78}.Release|Win32.ActiveCfg = Release|Win32
		{F4AD9E9D-1F4E-4962-A26E-590A0A1BBF78}.Release|Win32.Build.0 = Release|Win32
		{FCCACA3E-2B9B-4F71-9CF5-3D49C39FFD99}.Debug|Win32.ActiveCfg = Debug|Win32
		{FCCACA3E-2B9B-4F71-9CF5-3D49C39FFD99}.Debug|Win32.Build.0 = Debug|Win32
		{FCCACA3E-2B9B-4F71-9CF5-3D49C39FFD99}.Release|Win32.ActiveCfg = Release|Win32
		{FCCACA3E-2B9B-4F71-9CF5-3D49C39FFD99}.Release|Win32.Build.0 = Release|Win32
		{909CBE86-1DAF-43D5-83BF-6A6F8583D36B}.Debug|Win32.ActiveCfg = Debug|Win32
		{909CBE86-1DAF-43D5-83BF-6A6F8583D36B}.Debug|Win32.Build.0 = Debug|Win32
		{909CBE86-1DAF-43D5-83BF-6A6F8583D36B}.Release|Win32.ActiveCfg = Release|Win32
		{909CBE86-1DAF-43D5-83BF-6A6F8583D36B}.Release|Win32.Build.0 = Release|Win32
		{7DC461CB-427F-4408-B815-52D3F1731FD3}.Debug|Win32.ActiveCfg = Debug|Win32
		{7DC461CB-427F-4408-B815-52D3F1731FD3}.Debug|Win32.Build.0 = Debug|Win32
		{7DC461CB-427F-4408-B815-52D3F1731FD3}.Release|Win32.ActiveCfg = Release|Win32
		{7DC461CB-427F-4408-B815-52D3F1731FD3}.Release|Win32.Build.0 = Release|Win32
		{03769954-6739-4BF4-A247-2536795DD9C9}.Debug|Win32.ActiveCfg = Debug|Win32
		{03769954-6739-4BF4-A247-2536795DD9C9}.Debug|Win32.Build.0 = Debug|Win32
		{03769954-6739-4BF4-A247-2536795DD9C9}.Release|Win32.ActiveCfg = Release|Win32
		{03769954-6739-4BF4-A247-2536795DD9C9}.Release|Win32.Build.0 = Release|Win32
		{33570B2A-DEC1-4581-83DC-3F6FC0EEF555}.Debug|Win32.ActiveCfg = Debug|Win32
		{33570B2A-DEC1-4581-83DC-3F6FC0EEF555}.Debug|Win32.Build.0 = Debug|Win32
		{33570B2A-DEC1-4581-83DC-3F6FC0EEF555}.Release|Win32.ActiveCfg = Release|Win32
		{33570B2A-DEC1-4581-83DC-3F6FC0EEF555}.Release|Win32.Build.0 = Release|Win32
		{F027CF22-F015-416D-B157-D81493A60087}.Debug|Win32.ActiveCfg = Debug|Win32
		{F027CF22-F015-416D-B157-D81493A60087}.Debug|Win32.Build.0 = Debug|Win32
		{F027CF22-F015-416D-B157-D81493A60087}.Release|Win32.ActiveCfg = Release|Win32
		{F027CF22-F015-416D-B157-D81493A60087}.Release|Win32.Build.0 = Release|Win32
		{C30ACE07-74E0-40E1-AA5F-65DAB0FAE518}.Debug|Win32.ActiveCfg = Debug|Win32
		{C30ACE07-74E0-40E1-AA5F-65DAB0FAE518}.Debug|Win32.Build.0 = Debug|Win32
		{C30ACE07-74E0-40E1-AA5F-65DAB0FAE518}.Release|Win32.ActiveCfg = Release|Win32
		{C30ACE07-74E0-40E1-AA5F-65DAB0FAE518}.Release|Win32.Build.0 = Release|Win32
		{8476741D-71AC-49DA-9852-A2B748258CD6}.Debug|Win32.ActiveCfg = Debug|Win32
		{8476741D-71AC-49DA-9852-A2B748258CD6}.Debug|Win32.Build.0 = Debug|Win32
		{8476741D-71AC-49DA-9852-A2B748258CD6}.Release|Win32.ActiveCfg = Release|Win32
		{8476741D-71AC-49DA-9852-A2B748258CD6}.Release|Win32.Build.0 = Release|Win32
		{FB001298-1C21-4366-8599-F85C9598213C}.Debug|Win32.ActiveCfg = Debug|Win32
		{FB001298-1C21-4366-8599-F85C9598213C}.Debug|Win32.Build.0 = Debug|Win32
		{FB001298-1C21-4366-8599-F85C9598213C}.Release|Win32.ActiveCfg = Release|Win32
		{FB001298-1C21-4366-8599-F85C9598213C}.Release|Win32.Build.0 = Release|Win32
		{871ED3D5-809D-4E98-B054-4A8F7CA9058D}.Debug|Win32.ActiveCfg = Debug|Win32
		{871ED3D5-809D-4E98-B054-4A8F7CA9058D}.Debug|Win32.Build.0 = Debug|Win32
		{871ED3D5-809D-4E98-B054-4A8F7CA9058D}.Release|Win32.ActiveCfg = Release|Win32
		{871ED3D5-809D-4E98-B054-4A8F7CA9058D}.Release|Win32.Build.0 = Release|Win32
		{051C2B37-914B-49CF-8F31-BD052C1F8F8E}.Debug|Win32.ActiveCfg = Debug|Win32
		{051C2B37-914B-49CF-8F31-BD052C1F8F8E}.Debug|Win32.Build.0 = Debug|Win32
		{051C2B37-914B-49CF-8F31-BD052C1F8F8E}.Release|Win32.ActiveCfg = Release|Win32
		{051C2B37-914B-49CF-8F31-BD052C1F8F8E}.Release|Win32.Build.0 = Release|Win32
		{7A3BBA95-F378-4221-8AFF-3901A34A276F}.Debug|Win32.ActiveCfg = Debug|Win32
		{7A3BBA95-F378-4221-8AFF-3901A34A276F}.Debug|Win32.Build.0 = Debug|Win32
		{7A3BBA95-F378-4221-8AFF-3901A34A276F}.Release|Win32.ActiveCfg = Release|Win32
		{7A3BBA95-F378-4221-8AFF-3901A34A276F}.Release|Win32.Build.0 = Release|Win32
		{7F002E7C-EF1B-4603-BD07-2A0CB64DE2C9}.Debug|Win32.ActiveCfg = Debug|Win32
		{7F002E7C-EF1B-4603-BD07-2A0CB64DE2C9}.Debug|Win32.Build.0 = Debug|Win32
		{7F002E7C-EF1B-4603-BD07-2A0CB64DE2C9}.Release|Win32.ActiveCfg = Release|Win32
		{7F002E7C-EF1B-4603-BD07-2A0CB64DE2C9}.Release|Win32.Build.0 = Release|Win32
		{D194FCAD-CCB7-4610-A58C-96955BEBA6DE}.Debug|Win32.ActiveCfg = Debug|Win32
		{D194FCAD-CCB7-4610-A58C-96955BEBA6DE}.Debug|Win32.Build.0 = Debug|Win32
		{D194FCAD-CCB7-4610-A58C-96955BEBA6DE}.Release|Win32.ActiveCfg = Release|Win32
		{D194FCAD-CCB7-4610-A58C-96955BEBA6DE}.Release|Win32.Build.0 = Release|Win32
		{CEEAA059-1463-40B7-B8FA-70DC8EBEA6EF}.Debug|Win32.ActiveCfg = Debug|Win32
		{CEEAA059-1463-40B7-B8FA-70DC8EBEA6EF}.Debug|Win32.Build.0 = Debug|Win32
		{CEEAA059-1463-40B7-B8FA-70DC8EBEA6EF}.Release|Win32.ActiveCfg = Release|Win32
		{CEEAA059-1463-40B7-B8FA-70DC8EBEA6EF}.Release|Win32.Build.0 = Release|Win32
		{7DE3CC1A-BCC9-4005-AECC-27701AF5F854}.Debug|Win32.ActiveCfg = Debug|Win32
		{7DE3CC1A-BCC9-4005-AECC-27701AF5F854}.Debug|Win32.Build.0 = Debug|Win32
		{7DE3CC1A-BCC9-4005-AECC-27701AF5F854}.Release|Win32.ActiveCfg = Release|Win32
		{7DE3CC1A-BCC9-4005-AECC-27701AF5F854}.Release|Win32.Build.0 = Release|Win32
		{D8AFF5AD-A0F2-4E6A-9897-1A1AA4512B43}.Debug|Win32.ActiveCfg = Debug|Win32
		{D8AFF5AD-A0F2-4E6A-9897-1A1AA4512B43}.Debug|Win32.Build.0 = Debug|Win32
		{D8AFF5AD-A0F2-4E6A-9897-1A1AA4512B43}.Release|Win32.ActiveCfg = Release|Win32
		{D8AFF5AD-A0F2-4E6A-9897-1A1AA4512B43}.Release|Win32.Build.0 = Release|Win32
		{09D0DCBC-982E-417B-86A4-EAF930EF2AFE}.Debug|Win32.ActiveCfg = Debug|Win32
		{09D0DCBC-982E-417B-86A4-EAF930EF2AFE}.Debug|Win32.Build.0 = Debug|Win32
		{09D0DCBC-982E-417B-86A4-EAF930EF2AFE}.Release|Win32.ActiveCfg = Release|Win32
		{09D0DCBC-982E-417B-86A4-EAF930EF2AFE}.Release|Win32.Build.0 = Release|Win32
		{FE554A2F-0034-4DF0-A802-CA4E2544ECB4}.Debug|Win32.ActiveCfg = Debug|Win32
		{FE554A2F-0034-4DF0-A802-CA4E2544ECB4}.Debug|Win32.Build.0 = Debug|Win32
		{FE554A2F-0034-4DF0-A802-CA4E2544ECB4}.Release|Win32.ActiveCfg = Release|Win32
		{FE554A2F-0034-4DF0-A802-CA4E2544ECB4}.Release|Win32.Build.0 = Release|Win32
		{D8E75D70-DA08-4E78-B774-65894A9149C3}.Debug|Win32.ActiveCfg = Debug|Win32
		{D8E75D70-DA08-4E78-B774-65894A9149C3}.Debug|Win32.Build.0 = Debug|Win32
		{D8E75D70-DA08-4E78-B774-65894A9149C3}.Release|Win32.ActiveCfg = Release|Win32
		{D8E75D70-DA08-4E78-B774-65894A9149C3}.Release|Win32.Build.0 = Release|Win32
		{D49AB931-EAF0-433C-8046-620C0270574B}.Debug|Win32.ActiveCfg = Debug|Win32
		{D49AB931-EAF0-433C-8046-620C0270574B}.Debug|Win32.Build.0 = Debug|Win32
		{D49AB931-EAF0-433C-8046-620C0270574B}.Release|Win32.ActiveCfg = Release|Win32
		{D49AB931-EAF0-433C-8046-620C0270574B}.Release|Win32.Build.0 = Release|Win32
		{7C4E41B3-42CE-4697-8E5B-70DFF4A1A976}.Debug|Win32.ActiveCfg = Debug|Win32
		{7C4E41B3-42CE-4697-8E5B-70DFF4A1A976}.Debug|Win32.Build.0 = Debug|Win32
		{7C4E41B3-42CE-4697-8E5B-70DFF4A1A976}.Release|Win32.ActiveCfg = Release|Win32
		{7C4E41B3-42CE-4697-8E5B-70DFF4A1A976}.Release|Win32.Build.0 = Release|Win32
		{5F887610-FE8D-4F17-AF98-D6D14AE696F6}.Debug|Win32.ActiveCfg = Debug|Win32
		{5F887610-FE8D-4F17-AF98-D6D14AE696F6}.Debug|Win32.Build.0 = Debug|Win32
		{5F887610-FE8D-4F17-AF98-D6D14AE696F6}.Release|Win32.ActiveCfg = Release|Win32
		{5F887610-FE8D-4F17-AF98-D6D14AE696F6}.Release|Win32.Build.0 = Release|Win32
		{9F132E3C-8AD4-4ED2-B5B9-4744D4798458}.Debug|Win32.ActiveCfg = Debug|Win32
		{9F132E3C-8AD4-4ED2-B5B9-4744D4798458}.Debug|Win32.Build.0 = Debug|Win32
		{9F132E3C-8AD4-4ED2-B5B9-4744D4798458}.Release|Win32.ActiveCfg = Release|Win32
		{9F132E3C-8AD4-4ED2-B5B9-4744D4798458}.Release|Win32.Build.0 = Release|Win32
		{6268EF74-B6A4-4F18-A676-E74A3A23DB36}.Debug|Win32.ActiveCfg = Debug|Win32
		{6268EF74-B6A4-4F18-A676-E74A3A23DB36}.Debug|Win32.Build.0 = Debug|Win32
		{6268EF74-B6A4-4F18-A676-E74A3A23DB36}.Release|Win32.ActiveCfg = Release|Win32
		{6268EF74-B6A4-4F18-A676-E74A3A23DB36}.Release|Win32.Build.0 = Release|Win32
		{16F18AB0-509E-4CE0-911E-E7BAFAEB1D27}.Debug|Win32.ActiveCfg = Debug|Win32
		{16F18AB0-509E-4CE0-911E-E7BAFAEB1D27}.Debug|Win32.Build.0 = Debug|Win32
		{16F18AB0-509E-4CE0-911E-E7BAFAEB1D27}.Release|Win32.ActiveCfg = Release|Win32
		{16F18AB0-509E-4CE0-911E-E7BAFAEB1D27}.Release|Win32.Build.0 = Release|Win32
		{FB720261-4E32-4670-9B8C-E5C1C35616F2}.Debug|Win32.ActiveCfg = Debug|Win32
		{FB720261-4E32-4670-9B8C-E5C1C35616F2}.Debug|Win32.Build.0 = Debug|Win32
		{FB720261-4E32-4670-9B8C-E5C1C35616F2}.Release|Win32.ActiveCfg = Release|Win32
		{FB720261-4E32-4670-9B8C-E5C1C35616F2}.Release|Win32.Build.0 = Release|Win32
		{1B415629-703D-40DB-A7D8-91C38A3D76B5}.Debug|Win32.ActiveCfg = Debug|Win32
		{1B415629-703D-40DB-A7D8-91C38A3D76B5}.Debug|Win32.Build.0 = Debug|Win32
		{1B415629-703D-40DB-A7D8-91C38A3D76B5}.Release|Win32.ActiveCfg = Release|Win32
		{1B415629-703D-40DB-A7D8-91C38A3D76B5}.Release|Win32.Build.0 = Release|Win32
		{6133F578-1C67-4294-AE9C-A46426FD4D7E}.Debug|Win32.ActiveCfg = Debug|Win32
		{6133F578-1C67-4294-AE9C-A46426FD4D7E}.Debug|Win32.Build.0 = Debug|Win32
		{6133F578-1C67-4294-AE9C-A46426FD4D7E}.Release|Win32.ActiveCfg = Release|Win32
		{6133F578-1C67-4294-AE9C-A46426FD4D7E}.Release|Win32.Build.0 = Release|Win32
		{5487839A-222D-4983-BF76-7C109C7AAFFC}.Debug|Win32.ActiveCfg = Debug|Win32
		{5487839A-222D-4983-BF76-7C109C7AAFFC}.Debug|Win32.Build.0 = Debug|Win32
		{5487839A-222D-4983-BF76-7C109C7AAFFC}.Release|Win32.ActiveCfg = Release|Win32
		{5487839A-222D-4983-BF76-7C109C7AAFFC}.Release|Win32.Build.0 = Release|Win32
		{DD3E6727-960C-4556-B8F3-F5FC767F7730}.Debug|Win32.ActiveCfg = Debug|Win32
		{DD3E6727-960C-4556-B8F3-F5FC767F7730}.Debug|Win32.Build.0 = Debug|Win32
		{DD3E6727-960C-4556-B8F3-F5FC767F7730}.Release|Win32.ActiveCfg = Release|Win32
		{DD3E6727-960C-4556-B8F3-F5FC767F7730}.Release|Win32.Build.0 = Release|Win32
		{249FEDA0-DF81-44E2-B39C-6DE76DFB24C5}.Debug|Win32.ActiveCfg = Debug|Win32
		{249FEDA0-DF81-44E2-B39C-6DE76DFB24C5}.Debug|Win32.Build.0 = Debug|Win32
		{249FEDA0-DF81-44E2-B39C-6DE76DFB24C5}.Release|Win32.ActiveCfg = Release|Win32
		{249FEDA0-DF81-44E2-B39C-6DE76DFB24C5}.Release|Win32.Build.0 = Release|Win32
		{92593A20-BD34-48BB-B893-65D059A0DFE5}.Debug|Win32.ActiveCfg = Debug|Win32
		{92593A20-BD34-48BB-B893-65D059A0DFE5}.Debug|Win32.Build.0 = Debug|Win32
		{92593A20-BD34-48BB-B893-65D059A0DFE5}.Release|Win32.ActiveCfg = Release|Win32
		{92593A20-BD34-48BB-B893-65D059A0DFE5}.Release|Win32.Build.0 = Release|Win32
		{26690E8E-BC92-429C-A9B2-2F97C94B6909}.Debug|Win32.ActiveCfg = Debug|Win32
		{26690E8E-BC92-429C-A9B2-2F97C94B6909}.Debug|Win32.Build.0 = Debug|Win32
		{26690E8E-BC92-429C-A9B2-2F97C94B6909}.Release|Win32.ActiveCfg = Release|Win32
		{26690E8E-BC92-429C-A9B2-2F97C94B6909}.Release|Win32.Build.0 = Release|Win32
		{2E4A6334-929E-49AB-B29F-A4240B69BC8D}.Debug|Win32.ActiveCfg = Debug|Win32
		{2E4A6334-929E-49AB-B29F-A4240B69BC8D}.Debug|Win32.Build.0 = Debug|Win32
		{2E4A6334-929E-49AB-B29F-A4240B69BC8D}.Release|Win32.ActiveCfg = Release|Win32
		{2E4A6334-929E-49AB-B29F-A4240B69BC8D}.Release|Win32.Build.0 = Release|Win32
		{EDB9C0B4-06DD-41D7-92E0-1337BA383E03}.Debug|Win32.ActiveCfg = Debug|Win32
		{EDB9C0B4-06DD-41D7-92E0-1337BA383E03}.Debug|Win32.Build.0 = Debug|Win32
		{EDB9C0B4-06DD-41D7-92E0-1337BA383E03}.Release|Win32.ActiveCfg = Release|Win32
		{EDB9C0B4-06DD-41D7-92E0-1337BA383E03}.Release|Win32.Build.0 = Release|Win32
		{35E3561C-61EC-44D8-B187-4CFCF39A4F73}.Debug|Win32.ActiveCfg = Debug|Win32
		{35E3561C-61EC-44D8-B187-4CFCF39A4F73}.Debug|Win32.Build.0 = Debug|Win32
		{35E3561C-61EC-44D8-B187-4CFCF39A4F73}.Release|Win32.ActiveCfg = Release|Win32
		{35E3561C-61EC-44D8-B187-4CFCF39A4F73}.Release|Win32.Build.0 = Release|Win32
		{B3FFB228-646F-469A-AA9F-FE8DAEB49B5F}.Debug|Win32.ActiveCfg = Debug|Win32
		{B3FFB228-646F-469A-AA9F-FE8DAEB49B5F}.Debug|Win32.Build.0 = Debug|Win32
		{B3FFB228-646F-469A-AA9F-FE8DAEB49B5F}.Release|Win32.ActiveCfg = Release|Win32
		{B3FFB228-646F-469A-AA9F-FE8DAEB49B5F}.Release|Win32.Build.0 = Release|Win32
		{949CE08D-B125-481E-9223-83613877919F}.Debug|Win32.ActiveCfg = Debug|Win32
		{949CE08D-B125-481E-9223-83613877919F}.Debug|Win32.Build.0 = Debug|Win32
		{949CE08D-B125-481E-9223-83613877919F}.Release|Win32.ActiveCfg = Release|Win32
		{949CE08D-B125-481E-9223-83613877919F}.Release|Win32.Build.0 = Release|Win32
		{B69262B3-FDF1-4E6F-83C3-5AC690425E3C}.Debug|Win32.ActiveCfg = Debug|Win32
		{B69262B3-FDF1-4E6F-83C3-5AC690425E3C}.Debug|Win32.Build.0 = Debug|Win32
		{B69262B3-FDF1-4E6F-83C3-5AC690425E3C}.Release|Win32.ActiveCfg = Release|Win32
		{B69262B3-FDF1-4E6F-83C3-5AC690425E3C}.Release|Win32.Build.0 = Release|Win32
		{392B0ED7-6CB8-4D0E-A929-1D9B501ED3F1}.Debug|Win32.ActiveCfg = Debug|Win32
		{392B0ED7-6CB8-4D0E-A929-1D9B501ED3F1}.Debug|Win32.Build.0 = Debug|Win32
		{392B0ED7-6CB8-4D0E-A929-1D9B501ED3F1}.Release|Win32.ActiveCfg = Release|Win32
		{392B0ED7-6CB8-4D0E-A929-1D9B501ED3F1}.Release|Win32.Build.0 = Release|Win32
		{4F29D9DC-A29A-4D8C-B511-DC877AD9AA68}.Debug|Win32.ActiveCfg = Debug|Win32
		{4F29D9DC-A29A-4D8C-B511-DC877AD9AA68}.Debug|Win32.Build.0 = Debug|Win32
		{4F29D9DC-A29A-4D8C-B511-DC877AD9AA68}.Release|Win32.ActiveCfg = Release|Win32
		{4F29D9DC-A29A-4D8C-B511-DC877AD9AA68}.Release|Win32.Build.0 = Release|Win32
		{6BECB9A1-EF74-4C7B-B38E-D7E28027B015}.Debug|Win32.ActiveCfg = Debug|Win32
		{6BECB9A1-EF74-4C7B-B38E-D7E28027B015}.Debug|Win32.Build.0 = Debug|Win32
		{6BECB9A1-EF74-4C7B-B38E-D7E28027B015}.Release|Win32.ActiveCfg = Release|Win32
		{6BECB9A1-EF74-4C7B-B38E-D7E28027B015}.Release|Win32.Build.0 = Release|Win32
		{1A5164F7-4D15-415E-8C23-1076C77C26E3}.Debug|Win32.ActiveCfg = Debug|Win32
		{1A5164F7-4D15-415E-8C23-1076C77C26E3}.Debug|Win32.Build.0 = Debug|Win32
		{1A5164F7-4D15-415E-8C23-1076C77C26E3}.Release|Win32.ActiveCfg = Release|Win32
		{1A5164F7-4D15-415E-8C23-1076C77C26E3}.Release|Win32.Build.0 = Release|Win32
		{B4A5AFA2-F35E-4424-AC08-B9A74ED96DD2}.Debug|Win32.ActiveCfg = Debug|Win32
		{B4A5AFA2-F35E-4424-AC08-B9A74ED96DD2}.Debug|Win32.Build.0 = Debug|Win32
		{B4A5AFA2-F35E-4424-AC08-B9A74ED96DD2}.Release|Win32.ActiveCfg = Release|Win32
		{B4A5AFA2-F35E-4424-AC08-B9A74ED96DD2}.Release|Win32.Build.0 = Release|Win32
		{FDD1A567-662A-458C-9821-053CA43FA2BD}.Debug|Win32.ActiveCfg = Debug|Win32
		{FDD1A567-662A-458C-9821-053CA43FA2BD}.Debug|Win32.Build.0 = Debug|Win32
		{FDD1A567-662A-458C-9821-053CA43FA2BD}.Release|Win32.ActiveCfg = Release|Win32
		{FDD1A567-662A-458C-9821-053CA43FA2BD}.Release|Win32.Build.0 = Release|Win32
		{0C956340-5157-4B65-95BB-F7CC416E0440}.Debug|Win32.ActiveCfg = Debug|Win32
		{0C956340-5157-4B65-95BB-F7CC416E0440}.Debug|Win32.Build.0 = Debug|Win32
		{0C956340-5157-4B65-95BB-F7CC416E0440}.Release|Win32.ActiveCfg = Release|Win32
		{0C956340-5157-4B65-95BB-F7CC416E0440}.Release|Win32.Build.0 = Release|Win32
		{CB92EF02-4AE5-4E34-832B-C93307C09B58}.Debug|Win32.ActiveCfg = Debug|Win32
		{CB92EF02-4AE5-4E34-832B-C93307C09B58}.Debug|Win32.Build.0 = Debug|Win32
		{CB92EF02-4AE5-4E34-832B-C93307C09B58}.Release|Win32.ActiveCfg = Release|Win32
		{CB92EF02-4AE5-4E34-832B-C93307C09B58}.Release|Win32.Build.0 = Release|Win32
		{2DBF4AA4-CF89-44CE-A7BD-838FE601ACB5}.Debug|Win32.ActiveCfg = Debug|Win32
		{2DBF4AA4-CF89-44CE-A7BD-838FE601ACB5}.Debug|Win32.Build.0 = Debug|Win32
		{2DBF4AA4-CF89-44CE-A7BD-838FE601ACB5}.Release|Win32.ActiveCfg = Release|Win32
		{2DBF4AA4-CF89-44CE-A7BD-838FE601ACB5}.Release|Win32.Build.0 = Release|Win32
		{78D49B69-6EB4-475C-87D3-E27182A62BB3}.Debug|Win32.ActiveCfg = Debug|Win32
		{78D49B69-6EB4-475C-87D3-E27182A62BB3}.Debug|Win32.Build.0 = Debug|Win32
		{78D49B69-6EB4-475C-87D3-E27182A62BB3}.Release|Win32.ActiveCfg = Release|Win32
		{78D49B69-6EB4-475C-87D3-E27182A62BB3}.Release|Win32.Build.0 = Release|Win32
		{CD3ABA33-6DA2-4DB7-8231-9C783A894F6D}.Debug|Win32.ActiveCfg = Debug|Win32
		{CD3ABA33-6DA2-4DB7-8231-9C783A894F6D}.Debug|Win32.Build.0 = Debug|Win32
		{CD3ABA33-6DA2-4DB7-8231-9C783A894F6D}.Release|Win32.ActiveCfg = Release|Win32
		{CD3ABA33-6DA2-4DB7-8231-9C783A894F6D}.Release|Win32.Build.0 = Release|Win32
		{49663D38-9C26-4B26-9D7E-67006CB5A11A}.Debug|Win32.ActiveCfg = Debug|Win32
		{49663D38-9C26-4B26-9D7E-67006CB5A11A}.Debug|Win32.Build.0 = Debug|Win32
		{49663D38-9C26-4B26-9D7E-67006CB5A11A}.Release|Win32.ActiveCfg = Release|Win32
		{49663D38-9C26-4B26-9D7E-67006CB5A11A}.Release|Win32.Build.0 = Release|Win32
		{2FCCA055-691C-4AAD-9F63-9A6F474078D4}.Debug|Win32.ActiveCfg = Debug|Win32
		{2FCCA055-691C-4AAD-9F63-9A6F474078D4}.Debug|Win32.Build.0 = Debug|Win32
		{2FCCA055-691C-4AAD-9F63-9A6F474078D4}.Release|Win32.ActiveCfg = Release|Win32
		{2FCCA055-691C-4AAD-9F63-9A6F474078D4}.Release|Win32.Build.0 = Release|Win32
		{58F1283A-5CCD-4E51-BD12-1986D0AE99D4}.Debug|Win32.ActiveCfg = Debug|Win32
		{58F1283A-5CCD-4E51-BD12-1986D0AE99D4}.Debug|Win32.Build.0 = Debug|Win32
		{58F1283A-5CCD-4E51-BD12-1986D0AE99D4}.Release|Win32.ActiveCfg = Release|Win32
		{58F1283A-5CCD-4E51-BD12-1986D0AE99D4}.Release|Win32.Build.0 = Release|Win32
	EndGlobalSection
	GlobalSection(SolutionProperties) = preSolution
		HideSolutionNode = FALSE
	EndGlobalSection
	GlobalSection(NestedProjects) = preSolution
		{5872532C-E7D5-41DD-A945-E1424F158DB4} = {3627D449-28C0-4289-9A2F-2FD00FAE8326}
		{D074C0F3-EC18-437C-BC3C-4E84FE4058AA} = {3627D449-28C0-4289-9A2F-2FD00FAE8326}
		{0A54CEA8-75BA-4E52-9231-3C93EFA64BB3} = {5872532C-E7D5-41DD-A945-E1424F158DB4}
		{D26BFCB2-03D3-4690-99C9-57D96150A092} = {5872532C-E7D5-41DD-A945-E1424F158DB4}
		{BA002D07-9769-4B41-93AB-368B0FFD1795} = {5872532C-E7D5-41DD-A945-E1424F158DB4}
		{C7E4F3B1-DE1C-431C-ADD0-44EB1FDAE290} = {B7F9DAB7-703C-42C2-BEA8-0F5E015AC77D}
		{A9B7FE95-EE60-43F1-B72B-4DCD13DE88BA} = {B7F9DAB7-703C-42C2-BEA8-0F5E015AC77D}
		{EFCD95F6-6BED-43CA-9241-B8B6A472B2E0} = {9A745F7C-FCB0-4838-B5F2-5C6B9C706A32}
		{28D95691-2E2C-4852-869E-7F05C737E407} = {9A745F7C-FCB0-4838-B5F2-5C6B9C706A32}
		{864C879A-B7DC-4FE2-8D5F-89B8CE05384B} = {59D61501-C5C4-4615-921E-6AAB4022C192}
		{1D219AFF-02CC-4ACC-A1CE-2203D98AE972} = {59D61501-C5C4-4615-921E-6AAB4022C192}
		{EFE9D3DE-C660-43D8-9CD6-2171EDD08904} = {864C879A-B7DC-4FE2-8D5F-89B8CE05384B}
		{48D5D139-19B3-4657-BD54-D049DD64C4DC} = {864C879A-B7DC-4FE2-8D5F-89B8CE05384B}
		{15306772-CA63-476E-8E90-24A87CA6541E} = {864C879A-B7DC-4FE2-8D5F-89B8CE05384B}
		{14F74829-A5F6-4C8C-A695-A7DBE56A3795} = {1D219AFF-02CC-4ACC-A1CE-2203D98AE972}
		{E0BF5FB1-6456-40AA-A362-2496AD1C8C1A} = {1D219AFF-02CC-4ACC-A1CE-2203D98AE972}
		{2BA98A8E-4E0B-40E6-9957-305203D6B226} = {1D219AFF-02CC-4ACC-A1CE-2203D98AE972}
		{F4AD9E9D-1F4E-4962-A26E-590A0A1BBF78} = {1D219AFF-02CC-4ACC-A1CE-2203D98AE972}
		{FCCACA3E-2B9B-4F71-9CF5-3D49C39FFD99} = {1D219AFF-02CC-4ACC-A1CE-2203D98AE972}
		{909CBE86-1DAF-43D5-83BF-6A6F8583D36B} = {1D219AFF-02CC-4ACC-A1CE-2203D98AE972}
		{7DC461CB-427F-4408-B815-52D3F1731FD3} = {1D219AFF-02CC-4ACC-A1CE-2203D98AE972}
		{7609A882-9BAD-449C-AF6C-58C6080ABE59} = {331A7417-DEC3-4BDB-8260-98369B8E0F74}
		{2D688411-5E57-4154-B1E0-830842A29923} = {331A7417-DEC3-4BDB-8260-98369B8E0F74}
		{03769954-6739-4BF4-A247-2536795DD9C9} = {2D688411-5E57-4154-B1E0-830842A29923}
		{33570B2A-DEC1-4581-83DC-3F6FC0EEF555} = {2D688411-5E57-4154-B1E0-830842A29923}
		{B3FF5A34-7EAC-4769-88B8-4EF327DB5CBE} = {94B8BBFB-7379-4266-BDA6-A0C401F8772D}
		{465E311B-76B3-4B9D-9D64-4B754097C682} = {94B8BBFB-7379-4266-BDA6-A0C401F8772D}
		{F027CF22-F015-416D-B157-D81493A60087} = {B3FF5A34-7EAC-4769-88B8-4EF327DB5CBE}
		{C30ACE07-74E0-40E1-AA5F-65DAB0FAE518} = {465E311B-76B3-4B9D-9D64-4B754097C682}
		{8476741D-71AC-49DA-9852-A2B748258CD6} = {465E311B-76B3-4B9D-9D64-4B754097C682}
		{FB001298-1C21-4366-8599-F85C9598213C} = {465E311B-76B3-4B9D-9D64-4B754097C682}
		{871ED3D5-809D-4E98-B054-4A8F7CA9058D} = {465E311B-76B3-4B9D-9D64-4B754097C682}
		{051C2B37-914B-49CF-8F31-BD052C1F8F8E} = {465E311B-76B3-4B9D-9D64-4B754097C682}
		{7A3BBA95-F378-4221-8AFF-3901A34A276F} = {465E311B-76B3-4B9D-9D64-4B754097C682}
		{7F002E7C-EF1B-4603-BD07-2A0CB64DE2C9} = {465E311B-76B3-4B9D-9D64-4B754097C682}
		{D194FCAD-CCB7-4610-A58C-96955BEBA6DE} = {465E311B-76B3-4B9D-9D64-4B754097C682}
		{3AAFE881-238F-49C9-BF27-FF980416EE60} = {C7AA3E6A-C254-47D6-A560-FC3D36D11C8C}
		{85B17987-47F4-4039-BD14-DCB64297DEF8} = {C7AA3E6A-C254-47D6-A560-FC3D36D11C8C}
		{CEEAA059-1463-40B7-B8FA-70DC8EBEA6EF} = {3AAFE881-238F-49C9-BF27-FF980416EE60}
		{7DE3CC1A-BCC9-4005-AECC-27701AF5F854} = {3AAFE881-238F-49C9-BF27-FF980416EE60}
		{D8AFF5AD-A0F2-4E6A-9897-1A1AA4512B43} = {85B17987-47F4-4039-BD14-DCB64297DEF8}
		{09D0DCBC-982E-417B-86A4-EAF930EF2AFE} = {85B17987-47F4-4039-BD14-DCB64297DEF8}
		{FE554A2F-0034-4DF0-A802-CA4E2544ECB4} = {85B17987-47F4-4039-BD14-DCB64297DEF8}
		{D8E75D70-DA08-4E78-B774-65894A9149C3} = {85B17987-47F4-4039-BD14-DCB64297DEF8}
		{D49AB931-EAF0-433C-8046-620C0270574B} = {85B17987-47F4-4039-BD14-DCB64297DEF8}
		{7C4E41B3-42CE-4697-8E5B-70DFF4A1A976} = {85B17987-47F4-4039-BD14-DCB64297DEF8}
		{44DBCAB9-66C0-458A-A0C3-BA2130F7B2C0} = {CC52B9D6-E8FA-4E7A-B9C2-4D6D5FE65698}
		{8830BB38-6A9E-43AC-AD66-981E0647BFD8} = {CC52B9D6-E8FA-4E7A-B9C2-4D6D5FE65698}
		{5F887610-FE8D-4F17-AF98-D6D14AE696F6} = {44DBCAB9-66C0-458A-A0C3-BA2130F7B2C0}
		{9F132E3C-8AD4-4ED2-B5B9-4744D4798458} = {44DBCAB9-66C0-458A-A0C3-BA2130F7B2C0}
		{6268EF74-B6A4-4F18-A676-E74A3A23DB36} = {8830BB38-6A9E-43AC-AD66-981E0647BFD8}
		{16F18AB0-509E-4CE0-911E-E7BAFAEB1D27} = {8830BB38-6A9E-43AC-AD66-981E0647BFD8}
		{FB720261-4E32-4670-9B8C-E5C1C35616F2} = {8830BB38-6A9E-43AC-AD66-981E0647BFD8}
		{1B415629-703D-40DB-A7D8-91C38A3D76B5} = {8830BB38-6A9E-43AC-AD66-981E0647BFD8}
		{6133F578-1C67-4294-AE9C-A46426FD4D7E} = {8830BB38-6A9E-43AC-AD66-981E0647BFD8}
		{5487839A-222D-4983-BF76-7C109C7AAFFC} = {8830BB38-6A9E-43AC-AD66-981E0647BFD8}
		{DD3E6727-960C-4556-B8F3-F5FC767F7730} = {8830BB38-6A9E-43AC-AD66-981E0647BFD8}
		{9633AA66-1A8F-463E-BCE8-0DC6934ABA91} = {95DB9051-DADA-4599-A0C8-BF5668F90BBB}
		{95561AAB-207C-4592-91A2-084E9702115C} = {95DB9051-DADA-4599-A0C8-BF5668F90BBB}
		{249FEDA0-DF81-44E2-B39C-6DE76DFB24C5} = {9633AA66-1A8F-463E-BCE8-0DC6934ABA91}
		{92593A20-BD34-48BB-B893-65D059A0DFE5} = {9633AA66-1A8F-463E-BCE8-0DC6934ABA91}
		{26690E8E-BC92-429C-A9B2-2F97C94B6909} = {9633AA66-1A8F-463E-BCE8-0DC6934ABA91}
		{2E4A6334-929E-49AB-B29F-A4240B69BC8D} = {95561AAB-207C-4592-91A2-084E9702115C}
		{EDB9C0B4-06DD-41D7-92E0-1337BA383E03} = {95561AAB-207C-4592-91A2-084E9702115C}
		{35E3561C-61EC-44D8-B187-4CFCF39A4F73} = {95561AAB-207C-4592-91A2-084E9702115C}
		{B3FFB228-646F-469A-AA9F-FE8DAEB49B5F} = {95561AAB-207C-4592-91A2-084E9702115C}
		{949CE08D-B125-481E-9223-83613877919F} = {95561AAB-207C-4592-91A2-084E9702115C}
		{B69262B3-FDF1-4E6F-83C3-5AC690425E3C} = {A2E8A63C-06CC-4537-A028-114414EF8757}
		{392B0ED7-6CB8-4D0E-A929-1D9B501ED3F1} = {A2E8A63C-06CC-4537-A028-114414EF8757}
		{D4B4B20B-A2B7-4249-99FB-C3A5EEB51E8B} = {9A52419F-5AC7-44E2-BD57-62375DC8CD18}
		{726DC370-D652-4BC0-AB64-73E57F712C0C} = {9A52419F-5AC7-44E2-BD57-62375DC8CD18}
		{4F29D9DC-A29A-4D8C-B511-DC877AD9AA68} = {D4B4B20B-A2B7-4249-99FB-C3A5EEB51E8B}
		{6BECB9A1-EF74-4C7B-B38E-D7E28027B015} = {D4B4B20B-A2B7-4249-99FB-C3A5EEB51E8B}
		{A7A9F707-448A-4303-90C1-837730902601} = {33FBB1F1-2D82-42C8-B57E-73E6D5DA0F8E}
		{95270577-2780-47AF-990D-D1E6CAB63729} = {33FBB1F1-2D82-42C8-B57E-73E6D5DA0F8E}
		{1A5164F7-4D15-415E-8C23-1076C77C26E3} = {A7A9F707-448A-4303-90C1-837730902601}
		{B4A5AFA2-F35E-4424-AC08-B9A74ED96DD2} = {A7A9F707-448A-4303-90C1-837730902601}
		{FDD1A567-662A-458C-9821-053CA43FA2BD} = {95270577-2780-47AF-990D-D1E6CAB63729}
		{0C956340-5157-4B65-95BB-F7CC416E0440} = {95270577-2780-47AF-990D-D1E6CAB63729}
		{5B08D44D-2F40-43D9-B8C9-828AB34FE5BB} = {3A677F17-4464-42AA-9029-CAF6EF574ACB}
		{52F241D7-AB15-4707-B4DC-E31160EAB9C2} = {3A677F17-4464-42AA-9029-CAF6EF574ACB}
		{CB92EF02-4AE5-4E34-832B-C93307C09B58} = {52F241D7-AB15-4707-B4DC-E31160EAB9C2}
		{2DBF4AA4-CF89-44CE-A7BD-838FE601ACB5} = {52F241D7-AB15-4707-B4DC-E31160EAB9C2}
		{D9421B55-DDAC-4892-ACBA-0B8E94501F8C} = {0AE4D294-3F34-4773-BACA-564F6955C87E}
		{990E607A-6E00-4FA0-8203-4BE53F7E525E} = {0AE4D294-3F34-4773-BACA-564F6955C87E}
		{78D49B69-6EB4-475C-87D3-E27182A62BB3} = {990E607A-6E00-4FA0-8203-4BE53F7E525E}
		{CD3ABA33-6DA2-4DB7-8231-9C783A894F6D} = {990E607A-6E00-4FA0-8203-4BE53F7E525E}
		{49663D38-9C26-4B26-9D7E-67006CB5A11A} = {990E607A-6E00-4FA0-8203-4BE53F7E525E}
		{2FCCA055-691C-4AAD-9F63-9A6F474078D4} = {990E607A-6E00-4FA0-8203-4BE53F7E525E}
		{58F1283A-5CCD-4E51-BD12-1986D0AE99D4} = {990E607A-6E00-4FA0-8203-4BE53F7E525E}
	EndGlobalSection
EndGlobal
